
Microsoft Visual Studio Solution File, Format Version 12.00
# Visual Studio Version 16
VisualStudioVersion = 16.0.29424.173
MinimumVisualStudioVersion = 10.0.40219.1
Project("{9A19103F-16F7-4668-BE54-9A1E7A4F7556}") = "AuthApi", "AuthApi\AuthApi.csproj", "{DCD5A816-E0FC-4394-815A-387CD2ECCB49}"
EndProject
Global
	GlobalSection(SolutionConfigurationPlatforms) = preSolution
		Debug|Any CPU = Debug|Any CPU
		Release|Any CPU = Release|Any CPU
	EndGlobalSection
	GlobalSection(ProjectConfigurationPlatforms) = postSolution
		{DCD5A816-E0FC-4394-815A-387CD2ECCB49}.Debug|Any CPU.ActiveCfg = Debug|Any CPU
		{DCD5A816-E0FC-4394-815A-387CD2ECCB49}.Debug|Any CPU.Build.0 = Debug|Any CPU
		{DCD5A816-E0FC-4394-815A-387CD2ECCB49}.Release|Any CPU.ActiveCfg = Release|Any CPU
		{DCD5A816-E0FC-4394-815A-387CD2ECCB49}.Release|Any CPU.Build.0 = Release|Any CPU
	EndGlobalSection
	GlobalSection(SolutionProperties) = preSolution
		HideSolutionNode = FALSE
	EndGlobalSection
	GlobalSection(ExtensibilityGlobals) = postSolution
		SolutionGuid = {1A775FF2-7B07-4DFD-8E61-54131B257983}
	EndGlobalSection
EndGlobal
